
Microsoft Visual Studio Solution File, Format Version 12.00
# Visual Studio 2012
Project("{FAE04EC0-301F-11D3-BF4B-00C04F79EFBC}") = "RoundedBoxViewRenderer", "RoundedBoxViewRenderer\RoundedBoxViewRenderer.csproj", "{2E9A0C5E-2E7C-4AC6-8515-53A2DEE4291E}"
EndProject
Project("{FAE04EC0-301F-11D3-BF4B-00C04F79EFBC}") = "RoundedBoxViewRenderer.Android", "Android\RoundedBoxViewRenderer.Android.csproj", "{1224B9EE-5769-455F-9C50-0052B7FB59DF}"
EndProject
Global
	GlobalSection(SolutionConfigurationPlatforms) = preSolution
		Debug|Any CPU = Debug|Any CPU
		Release|Any CPU = Release|Any CPU
	EndGlobalSection
	GlobalSection(ProjectConfigurationPlatforms) = postSolution
		{1224B9EE-5769-455F-9C50-0052B7FB59DF}.Debug|Any CPU.ActiveCfg = Debug|Any CPU
		{1224B9EE-5769-455F-9C50-0052B7FB59DF}.Debug|Any CPU.Build.0 = Debug|Any CPU
		{1224B9EE-5769-455F-9C50-0052B7FB59DF}.Release|Any CPU.ActiveCfg = Release|Any CPU
		{1224B9EE-5769-455F-9C50-0052B7FB59DF}.Release|Any CPU.Build.0 = Release|Any CPU
		{2E9A0C5E-2E7C-4AC6-8515-53A2DEE4291E}.Debug|Any CPU.ActiveCfg = Debug|Any CPU
		{2E9A0C5E-2E7C-4AC6-8515-53A2DEE4291E}.Debug|Any CPU.Build.0 = Debug|Any CPU
		{2E9A0C5E-2E7C-4AC6-8515-53A2DEE4291E}.Release|Any CPU.ActiveCfg = Release|Any CPU
		{2E9A0C5E-2E7C-4AC6-8515-53A2DEE4291E}.Release|Any CPU.Build.0 = Release|Any CPU
	EndGlobalSection
	GlobalSection(MonoDevelopProperties) = preSolution
		StartupItem = RoundedBoxViewRenderer\RoundedBoxViewRenderer.csproj
	EndGlobalSection
EndGlobal
